
Microsoft Visual Studio Solution File, Format Version 12.00
# Visual Studio 15
VisualStudioVersion = 15.0.27004.2005
MinimumVisualStudioVersion = 10.0.40219.1
Project("{FAE04EC0-301F-11D3-BF4B-00C04F79EFBC}") = "bk-function", "bk-function\bk-function.csproj", "{B89A9565-DEDD-4CC0-972C-B7C462CDD341}"
EndProject
Global
	GlobalSection(SolutionConfigurationPlatforms) = preSolution
		Debug|Any CPU = Debug|Any CPU
		Release|Any CPU = Release|Any CPU
	EndGlobalSection
	GlobalSection(ProjectConfigurationPlatforms) = postSolution
		{B89A9565-DEDD-4CC0-972C-B7C462CDD341}.Debug|Any CPU.ActiveCfg = Debug|Any CPU
		{B89A9565-DEDD-4CC0-972C-B7C462CDD341}.Debug|Any CPU.Build.0 = Debug|Any CPU
		{B89A9565-DEDD-4CC0-972C-B7C462CDD341}.Release|Any CPU.ActiveCfg = Release|Any CPU
		{B89A9565-DEDD-4CC0-972C-B7C462CDD341}.Release|Any CPU.Build.0 = Release|Any CPU
	EndGlobalSection
	GlobalSection(SolutionProperties) = preSolution
		HideSolutionNode = FALSE
	EndGlobalSection
	GlobalSection(ExtensibilityGlobals) = postSolution
		SolutionGuid = {534168BA-97C0-47BB-A9A5-828A4BC002CF}
	EndGlobalSection
EndGlobal
